
Microsoft Visual Studio Solution File, Format Version 12.00
# Visual Studio Version 17
VisualStudioVersion = 17.3.32819.101
MinimumVisualStudioVersion = 10.0.40219.1
Project("{9A19103F-16F7-4668-BE54-9A1E7A4F7556}") = "FirstWebApp", "FirstWebApp.csproj", "{61CBFD3B-DD4B-4D3D-B400-F2DFC2ABBB48}"
EndProject
Project("{9A19103F-16F7-4668-BE54-9A1E7A4F7556}") = "FirstWebApp.Core", "..\FirstWebApp.Core\FirstWebApp.Core.csproj", "{3A6B805F-465D-4B84-AB25-4793E8CDCBFD}"
EndProject
Project("{9A19103F-16F7-4668-BE54-9A1E7A4F7556}") = "FirstWebApp.Data", "..\FirstWebApp.Data\FirstWebApp.Data.csproj", "{065E4B64-97C8-4842-9864-75D59AA4CC6A}"
EndProject
Global
	GlobalSection(SolutionConfigurationPlatforms) = preSolution
		Debug|Any CPU = Debug|Any CPU
		Release|Any CPU = Release|Any CPU
	EndGlobalSection
	GlobalSection(ProjectConfigurationPlatforms) = postSolution
		{61CBFD3B-DD4B-4D3D-B400-F2DFC2ABBB48}.Debug|Any CPU.ActiveCfg = Debug|Any CPU
		{61CBFD3B-DD4B-4D3D-B400-F2DFC2ABBB48}.Debug|Any CPU.Build.0 = Debug|Any CPU
		{61CBFD3B-DD4B-4D3D-B400-F2DFC2ABBB48}.Release|Any CPU.ActiveCfg = Release|Any CPU
		{61CBFD3B-DD4B-4D3D-B400-F2DFC2ABBB48}.Release|Any CPU.Build.0 = Release|Any CPU
		{3A6B805F-465D-4B84-AB25-4793E8CDCBFD}.Debug|Any CPU.ActiveCfg = Debug|Any CPU
		{3A6B805F-465D-4B84-AB25-4793E8CDCBFD}.Debug|Any CPU.Build.0 = Debug|Any CPU
		{3A6B805F-465D-4B84-AB25-4793E8CDCBFD}.Release|Any CPU.ActiveCfg = Release|Any CPU
		{3A6B805F-465D-4B84-AB25-4793E8CDCBFD}.Release|Any CPU.Build.0 = Release|Any CPU
		{065E4B64-97C8-4842-9864-75D59AA4CC6A}.Debug|Any CPU.ActiveCfg = Debug|Any CPU
		{065E4B64-97C8-4842-9864-75D59AA4CC6A}.Debug|Any CPU.Build.0 = Debug|Any CPU
		{065E4B64-97C8-4842-9864-75D59AA4CC6A}.Release|Any CPU.ActiveCfg = Release|Any CPU
		{065E4B64-97C8-4842-9864-75D59AA4CC6A}.Release|Any CPU.Build.0 = Release|Any CPU
	EndGlobalSection
	GlobalSection(SolutionProperties) = preSolution
		HideSolutionNode = FALSE
	EndGlobalSection
	GlobalSection(ExtensibilityGlobals) = postSolution
		SolutionGuid = {F3DD0810-202E-4A0E-A690-803C446EF668}
	EndGlobalSection
EndGlobal
